
Microsoft Visual Studio Solution File, Format Version 12.00
# Visual Studio Version 16
VisualStudioVersion = 16.0.30114.105
MinimumVisualStudioVersion = 10.0.40219.1
Project("{FAE04EC0-301F-11D3-BF4B-00C04F79EFBC}") = "API", "API\API.csproj", "{28789A52-A23F-4328-8040-5415524E1984}"
EndProject
Project("{FAE04EC0-301F-11D3-BF4B-00C04F79EFBC}") = "Core", "Core\Core.csproj", "{A4857C48-EE49-4E2F-BAB5-F8124484EBF0}"
EndProject
Project("{FAE04EC0-301F-11D3-BF4B-00C04F79EFBC}") = "Infrastructure", "Infrastructure\Infrastructure.csproj", "{C6CB37B9-B96A-49B3-87A4-EFA59480246F}"
EndProject
Global
	GlobalSection(SolutionConfigurationPlatforms) = preSolution
		Debug|Any CPU = Debug|Any CPU
		Release|Any CPU = Release|Any CPU
	EndGlobalSection
	GlobalSection(SolutionProperties) = preSolution
		HideSolutionNode = FALSE
	EndGlobalSection
	GlobalSection(ProjectConfigurationPlatforms) = postSolution
		{28789A52-A23F-4328-8040-5415524E1984}.Debug|Any CPU.ActiveCfg = Debug|Any CPU
		{28789A52-A23F-4328-8040-5415524E1984}.Debug|Any CPU.Build.0 = Debug|Any CPU
		{28789A52-A23F-4328-8040-5415524E1984}.Release|Any CPU.ActiveCfg = Release|Any CPU
		{28789A52-A23F-4328-8040-5415524E1984}.Release|Any CPU.Build.0 = Release|Any CPU
		{A4857C48-EE49-4E2F-BAB5-F8124484EBF0}.Debug|Any CPU.ActiveCfg = Debug|Any CPU
		{A4857C48-EE49-4E2F-BAB5-F8124484EBF0}.Debug|Any CPU.Build.0 = Debug|Any CPU
		{A4857C48-EE49-4E2F-BAB5-F8124484EBF0}.Release|Any CPU.ActiveCfg = Release|Any CPU
		{A4857C48-EE49-4E2F-BAB5-F8124484EBF0}.Release|Any CPU.Build.0 = Release|Any CPU
		{C6CB37B9-B96A-49B3-87A4-EFA59480246F}.Debug|Any CPU.ActiveCfg = Debug|Any CPU
		{C6CB37B9-B96A-49B3-87A4-EFA59480246F}.Debug|Any CPU.Build.0 = Debug|Any CPU
		{C6CB37B9-B96A-49B3-87A4-EFA59480246F}.Release|Any CPU.ActiveCfg = Release|Any CPU
		{C6CB37B9-B96A-49B3-87A4-EFA59480246F}.Release|Any CPU.Build.0 = Release|Any CPU
	EndGlobalSection
EndGlobal
